
Microsoft Visual Studio Solution File, Format Version 12.00
# Visual Studio 15
Project("{FAE04EC0-301F-11D3-BF4B-00C04F79EFBC}") = "Assembly-CSharp", "Assembly-CSharp.csproj", "{DC262F51-2DEF-2EE7-C2C1-8D1D731714BB}"
EndProject
Project("{FAE04EC0-301F-11D3-BF4B-00C04F79EFBC}") = "NavMeshComponents", "NavMeshComponents.csproj", "{E97DD738-C769-39BE-0637-F49E3B90CAF2}"
EndProject
Project("{FAE04EC0-301F-11D3-BF4B-00C04F79EFBC}") = "NavMeshComponentsEditor", "NavMeshComponentsEditor.csproj", "{4FE00450-5992-6C4F-385D-5BC71AA24BDD}"
EndProject
Global
	GlobalSection(SolutionConfigurationPlatforms) = preSolution
		Debug|Any CPU = Debug|Any CPU
		Release|Any CPU = Release|Any CPU
	EndGlobalSection
	GlobalSection(ProjectConfigurationPlatforms) = postSolution
		{DC262F51-2DEF-2EE7-C2C1-8D1D731714BB}.Debug|Any CPU.ActiveCfg = Debug|Any CPU
		{DC262F51-2DEF-2EE7-C2C1-8D1D731714BB}.Debug|Any CPU.Build.0 = Debug|Any CPU
		{DC262F51-2DEF-2EE7-C2C1-8D1D731714BB}.Release|Any CPU.ActiveCfg = Release|Any CPU
		{DC262F51-2DEF-2EE7-C2C1-8D1D731714BB}.Release|Any CPU.Build.0 = Release|Any CPU
		{E97DD738-C769-39BE-0637-F49E3B90CAF2}.Debug|Any CPU.ActiveCfg = Debug|Any CPU
		{E97DD738-C769-39BE-0637-F49E3B90CAF2}.Debug|Any CPU.Build.0 = Debug|Any CPU
		{E97DD738-C769-39BE-0637-F49E3B90CAF2}.Release|Any CPU.ActiveCfg = Release|Any CPU
		{E97DD738-C769-39BE-0637-F49E3B90CAF2}.Release|Any CPU.Build.0 = Release|Any CPU
		{4FE00450-5992-6C4F-385D-5BC71AA24BDD}.Debug|Any CPU.ActiveCfg = Debug|Any CPU
		{4FE00450-5992-6C4F-385D-5BC71AA24BDD}.Debug|Any CPU.Build.0 = Debug|Any CPU
		{4FE00450-5992-6C4F-385D-5BC71AA24BDD}.Release|Any CPU.ActiveCfg = Release|Any CPU
		{4FE00450-5992-6C4F-385D-5BC71AA24BDD}.Release|Any CPU.Build.0 = Release|Any CPU
	EndGlobalSection
	GlobalSection(SolutionProperties) = preSolution
		HideSolutionNode = FALSE
	EndGlobalSection
EndGlobal
